
Microsoft Visual Studio Solution File, Format Version 12.00
# Visual Studio 15
Project("{FAE04EC0-301F-11D3-BF4B-00C04F79EFBC}") = "Assembly-CSharp-firstpass", "Assembly-CSharp-firstpass.csproj", "{99BF469A-5B55-7AE0-63CF-CF01994C084D}"
EndProject
Project("{FAE04EC0-301F-11D3-BF4B-00C04F79EFBC}") = "Assembly-CSharp", "Assembly-CSharp.csproj", "{E6C8EDDB-5A5D-BEA3-3402-0B1EFB4DB12A}"
EndProject
Project("{FAE04EC0-301F-11D3-BF4B-00C04F79EFBC}") = "Assembly-CSharp-Editor-firstpass", "Assembly-CSharp-Editor-firstpass.csproj", "{DFD37A61-432B-E285-4E1E-D9B12195BE26}"
EndProject
Project("{FAE04EC0-301F-11D3-BF4B-00C04F79EFBC}") = "PlayFabEditorExtensions", "PlayFabEditorExtensions.csproj", "{0673D2FD-98DB-A8A7-073F-D3DE7E1DB6AB}"
EndProject
Project("{FAE04EC0-301F-11D3-BF4B-00C04F79EFBC}") = "Assembly-CSharp-Editor", "Assembly-CSharp-Editor.csproj", "{73922E1E-DD09-5C18-C099-474FFF85D258}"
EndProject
Global
	GlobalSection(SolutionConfigurationPlatforms) = preSolution
		Debug|Any CPU = Debug|Any CPU
		Release|Any CPU = Release|Any CPU
	EndGlobalSection
	GlobalSection(ProjectConfigurationPlatforms) = postSolution
		{99BF469A-5B55-7AE0-63CF-CF01994C084D}.Debug|Any CPU.ActiveCfg = Debug|Any CPU
		{99BF469A-5B55-7AE0-63CF-CF01994C084D}.Debug|Any CPU.Build.0 = Debug|Any CPU
		{99BF469A-5B55-7AE0-63CF-CF01994C084D}.Release|Any CPU.ActiveCfg = Release|Any CPU
		{99BF469A-5B55-7AE0-63CF-CF01994C084D}.Release|Any CPU.Build.0 = Release|Any CPU
		{E6C8EDDB-5A5D-BEA3-3402-0B1EFB4DB12A}.Debug|Any CPU.ActiveCfg = Debug|Any CPU
		{E6C8EDDB-5A5D-BEA3-3402-0B1EFB4DB12A}.Debug|Any CPU.Build.0 = Debug|Any CPU
		{E6C8EDDB-5A5D-BEA3-3402-0B1EFB4DB12A}.Release|Any CPU.ActiveCfg = Release|Any CPU
		{E6C8EDDB-5A5D-BEA3-3402-0B1EFB4DB12A}.Release|Any CPU.Build.0 = Release|Any CPU
		{DFD37A61-432B-E285-4E1E-D9B12195BE26}.Debug|Any CPU.ActiveCfg = Debug|Any CPU
		{DFD37A61-432B-E285-4E1E-D9B12195BE26}.Debug|Any CPU.Build.0 = Debug|Any CPU
		{DFD37A61-432B-E285-4E1E-D9B12195BE26}.Release|Any CPU.ActiveCfg = Release|Any CPU
		{DFD37A61-432B-E285-4E1E-D9B12195BE26}.Release|Any CPU.Build.0 = Release|Any CPU
		{0673D2FD-98DB-A8A7-073F-D3DE7E1DB6AB}.Debug|Any CPU.ActiveCfg = Debug|Any CPU
		{0673D2FD-98DB-A8A7-073F-D3DE7E1DB6AB}.Debug|Any CPU.Build.0 = Debug|Any CPU
		{0673D2FD-98DB-A8A7-073F-D3DE7E1DB6AB}.Release|Any CPU.ActiveCfg = Release|Any CPU
		{0673D2FD-98DB-A8A7-073F-D3DE7E1DB6AB}.Release|Any CPU.Build.0 = Release|Any CPU
		{73922E1E-DD09-5C18-C099-474FFF85D258}.Debug|Any CPU.ActiveCfg = Debug|Any CPU
		{73922E1E-DD09-5C18-C099-474FFF85D258}.Debug|Any CPU.Build.0 = Debug|Any CPU
		{73922E1E-DD09-5C18-C099-474FFF85D258}.Release|Any CPU.ActiveCfg = Release|Any CPU
		{73922E1E-DD09-5C18-C099-474FFF85D258}.Release|Any CPU.Build.0 = Release|Any CPU
	EndGlobalSection
	GlobalSection(SolutionProperties) = preSolution
		HideSolutionNode = FALSE
	EndGlobalSection
EndGlobal
